// !$*UTF8*$!
{
	archiveVersion = 1;
	classes = {
	};
	objectVersion = 56;
	objects = {

/* Begin PBXBuildFile section */
		8308992729A710A3009D9C5C /* FontAnimationView.swift in Sources */ = {isa = PBXBuildFile; fileRef = 8308992629A710A3009D9C5C /* FontAnimationView.swift */; };
		8308992929A88D37009D9C5C /* LayoutTutorial.swift in Sources */ = {isa = PBXBuildFile; fileRef = 8308992829A88D37009D9C5C /* LayoutTutorial.swift */; };
		8374187729A5D6A700A9BA4A /* SwiftUITutorialApp.swift in Sources */ = {isa = PBXBuildFile; fileRef = 8374187629A5D6A700A9BA4A /* SwiftUITutorialApp.swift */; };
		8374187929A5D6A700A9BA4A /* DetentsView.swift in Sources */ = {isa = PBXBuildFile; fileRef = 8374187829A5D6A700A9BA4A /* DetentsView.swift */; };
		8374187B29A5D6A800A9BA4A /* Assets.xcassets in Resources */ = {isa = PBXBuildFile; fileRef = 8374187A29A5D6A800A9BA4A /* Assets.xcassets */; };
		8374187E29A5D6A800A9BA4A /* Preview Assets.xcassets in Resources */ = {isa = PBXBuildFile; fileRef = 8374187D29A5D6A800A9BA4A /* Preview Assets.xcassets */; };
		8374188529A5DDBE00A9BA4A /* ChartsView.swift in Sources */ = {isa = PBXBuildFile; fileRef = 8374188429A5DDBE00A9BA4A /* ChartsView.swift */; };
		8374188729A5E5E200A9BA4A /* ShareLinkView.swift in Sources */ = {isa = PBXBuildFile; fileRef = 8374188629A5E5E200A9BA4A /* ShareLinkView.swift */; };
		8374188929A5EBE500A9BA4A /* ImageRendererView.swift in Sources */ = {isa = PBXBuildFile; fileRef = 8374188829A5EBE500A9BA4A /* ImageRendererView.swift */; };
		8374188B29A5F27500A9BA4A /* ViewThatFitsView.swift in Sources */ = {isa = PBXBuildFile; fileRef = 8374188A29A5F27500A9BA4A /* ViewThatFitsView.swift */; };
		8374188D29A5F86E00A9BA4A /* GaugeView.swift in Sources */ = {isa = PBXBuildFile; fileRef = 8374188C29A5F86E00A9BA4A /* GaugeView.swift */; };
		8374188F29A5FA8800A9BA4A /* TapGestureWithLocationView.swift in Sources */ = {isa = PBXBuildFile; fileRef = 8374188E29A5FA8800A9BA4A /* TapGestureWithLocationView.swift */; };
		8374189129A5FB9400A9BA4A /* ScrollViewEnable&KeyboardView.swift in Sources */ = {isa = PBXBuildFile; fileRef = 8374189029A5FB9400A9BA4A /* ScrollViewEnable&KeyboardView.swift */; };
		8374189329A60B9900A9BA4A /* MultipleDatePickerView.swift in Sources */ = {isa = PBXBuildFile; fileRef = 8374189229A60B9900A9BA4A /* MultipleDatePickerView.swift */; };
		8374189529A6FBE500A9BA4A /* RedactView.swift in Sources */ = {isa = PBXBuildFile; fileRef = 8374189429A6FBE500A9BA4A /* RedactView.swift */; };
		8374189729A7046200A9BA4A /* ViewBuilderView.swift in Sources */ = {isa = PBXBuildFile; fileRef = 8374189629A7046200A9BA4A /* ViewBuilderView.swift */; };
/* End PBXBuildFile section */

/* Begin PBXFileReference section */
		8308992629A710A3009D9C5C /* FontAnimationView.swift */ = {isa = PBXFileReference; lastKnownFileType = sourcecode.swift; path = FontAnimationView.swift; sourceTree = "<group>"; };
		8308992829A88D37009D9C5C /* LayoutTutorial.swift */ = {isa = PBXFileReference; lastKnownFileType = sourcecode.swift; path = LayoutTutorial.swift; sourceTree = "<group>"; };
		8374187329A5D6A700A9BA4A /* SwiftUITutorial.app */ = {isa = PBXFileReference; explicitFileType = wrapper.application; includeInIndex = 0; path = SwiftUITutorial.app; sourceTree = BUILT_PRODUCTS_DIR; };
		8374187629A5D6A700A9BA4A /* SwiftUITutorialApp.swift */ = {isa = PBXFileReference; lastKnownFileType = sourcecode.swift; path = SwiftUITutorialApp.swift; sourceTree = "<group>"; };
		8374187829A5D6A700A9BA4A /* DetentsView.swift */ = {isa = PBXFileReference; lastKnownFileType = sourcecode.swift; path = DetentsView.swift; sourceTree = "<group>"; };
		8374187A29A5D6A800A9BA4A /* Assets.xcassets */ = {isa = PBXFileReference; lastKnownFileType = folder.assetcatalog; path = Assets.xcassets; sourceTree = "<group>"; };
		8374187D29A5D6A800A9BA4A /* Preview Assets.xcassets */ = {isa = PBXFileReference; lastKnownFileType = folder.assetcatalog; path = "Preview Assets.xcassets"; sourceTree = "<group>"; };
		8374188429A5DDBE00A9BA4A /* ChartsView.swift */ = {isa = PBXFileReference; lastKnownFileType = sourcecode.swift; path = ChartsView.swift; sourceTree = "<group>"; };
		8374188629A5E5E200A9BA4A /* ShareLinkView.swift */ = {isa = PBXFileReference; lastKnownFileType = sourcecode.swift; path = ShareLinkView.swift; sourceTree = "<group>"; };
		8374188829A5EBE500A9BA4A /* ImageRendererView.swift */ = {isa = PBXFileReference; lastKnownFileType = sourcecode.swift; path = ImageRendererView.swift; sourceTree = "<group>"; };
		8374188A29A5F27500A9BA4A /* ViewThatFitsView.swift */ = {isa = PBXFileReference; lastKnownFileType = sourcecode.swift; path = ViewThatFitsView.swift; sourceTree = "<group>"; };
		8374188C29A5F86E00A9BA4A /* GaugeView.swift */ = {isa = PBXFileReference; lastKnownFileType = sourcecode.swift; path = GaugeView.swift; sourceTree = "<group>"; };
		8374188E29A5FA8800A9BA4A /* TapGestureWithLocationView.swift */ = {isa = PBXFileReference; lastKnownFileType = sourcecode.swift; path = TapGestureWithLocationView.swift; sourceTree = "<group>"; };
		8374189029A5FB9400A9BA4A /* ScrollViewEnable&KeyboardView.swift */ = {isa = PBXFileReference; lastKnownFileType = sourcecode.swift; path = "ScrollViewEnable&KeyboardView.swift"; sourceTree = "<group>"; };
		8374189229A60B9900A9BA4A /* MultipleDatePickerView.swift */ = {isa = PBXFileReference; lastKnownFileType = sourcecode.swift; path = MultipleDatePickerView.swift; sourceTree = "<group>"; };
		8374189429A6FBE500A9BA4A /* RedactView.swift */ = {isa = PBXFileReference; lastKnownFileType = sourcecode.swift; path = RedactView.swift; sourceTree = "<group>"; };
		8374189629A7046200A9BA4A /* ViewBuilderView.swift */ = {isa = PBXFileReference; lastKnownFileType = sourcecode.swift; path = ViewBuilderView.swift; sourceTree = "<group>"; };
/* End PBXFileReference section */

/* Begin PBXFrameworksBuildPhase section */
		8374187029A5D6A700A9BA4A /* Frameworks */ = {
			isa = PBXFrameworksBuildPhase;
			buildActionMask = 2147483647;
			files = (
			);
			runOnlyForDeploymentPostprocessing = 0;
		};
/* End PBXFrameworksBuildPhase section */

/* Begin PBXGroup section */
		8374186A29A5D6A700A9BA4A = {
			isa = PBXGroup;
			children = (
				8374187529A5D6A700A9BA4A /* SwiftUITutorial */,
				8374187429A5D6A700A9BA4A /* Products */,
			);
			sourceTree = "<group>";
		};
		8374187429A5D6A700A9BA4A /* Products */ = {
			isa = PBXGroup;
			children = (
				8374187329A5D6A700A9BA4A /* SwiftUITutorial.app */,
			);
			name = Products;
			sourceTree = "<group>";
		};
		8374187529A5D6A700A9BA4A /* SwiftUITutorial */ = {
			isa = PBXGroup;
			children = (
				8374187629A5D6A700A9BA4A /* SwiftUITutorialApp.swift */,
				8374187829A5D6A700A9BA4A /* DetentsView.swift */,
				8374188429A5DDBE00A9BA4A /* ChartsView.swift */,
				8374188629A5E5E200A9BA4A /* ShareLinkView.swift */,
				8374188829A5EBE500A9BA4A /* ImageRendererView.swift */,
				8374188A29A5F27500A9BA4A /* ViewThatFitsView.swift */,
				8374188C29A5F86E00A9BA4A /* GaugeView.swift */,
				8374188E29A5FA8800A9BA4A /* TapGestureWithLocationView.swift */,
				8374189029A5FB9400A9BA4A /* ScrollViewEnable&KeyboardView.swift */,
				8374189229A60B9900A9BA4A /* MultipleDatePickerView.swift */,
				8374189429A6FBE500A9BA4A /* RedactView.swift */,
				8374189629A7046200A9BA4A /* ViewBuilderView.swift */,
				8308992629A710A3009D9C5C /* FontAnimationView.swift */,
				8308992829A88D37009D9C5C /* LayoutTutorial.swift */,
				8374187A29A5D6A800A9BA4A /* Assets.xcassets */,
				8374187C29A5D6A800A9BA4A /* Preview Content */,
			);
			path = SwiftUITutorial;
			sourceTree = "<group>";
		};
		8374187C29A5D6A800A9BA4A /* Preview Content */ = {
			isa = PBXGroup;
			children = (
				8374187D29A5D6A800A9BA4A /* Preview Assets.xcassets */,
			);
			path = "Preview Content";
			sourceTree = "<group>";
		};
/* End PBXGroup section */

/* Begin PBXNativeTarget section */
		8374187229A5D6A700A9BA4A /* SwiftUITutorial */ = {
			isa = PBXNativeTarget;
			buildConfigurationList = 8374188129A5D6A800A9BA4A /* Build configuration list for PBXNativeTarget "SwiftUITutorial" */;
			buildPhases = (
				8374186F29A5D6A700A9BA4A /* Sources */,
				8374187029A5D6A700A9BA4A /* Frameworks */,
				8374187129A5D6A700A9BA4A /* Resources */,
			);
			buildRules = (
			);
			dependencies = (
			);
			name = SwiftUITutorial;
			productName = SwiftUITutorial;
			productReference = 8374187329A5D6A700A9BA4A /* SwiftUITutorial.app */;
			productType = "com.apple.product-type.application";
		};
/* End PBXNativeTarget section */

/* Begin PBXProject section */
		8374186B29A5D6A700A9BA4A /* Project object */ = {
			isa = PBXProject;
			attributes = {
				BuildIndependentTargetsInParallel = 1;
				LastSwiftUpdateCheck = 1420;
				LastUpgradeCheck = 1420;
				TargetAttributes = {
					8374187229A5D6A700A9BA4A = {
						CreatedOnToolsVersion = 14.2;
					};
				};
			};
			buildConfigurationList = 8374186E29A5D6A700A9BA4A /* Build configuration list for PBXProject "SwiftUITutorial" */;
			compatibilityVersion = "Xcode 14.0";
			developmentRegion = en;
			hasScannedForEncodings = 0;
			knownRegions = (
				en,
				Base,
			);
			mainGroup = 8374186A29A5D6A700A9BA4A;
			productRefGroup = 8374187429A5D6A700A9BA4A /* Products */;
			projectDirPath = "";
			projectRoot = "";
			targets = (
				8374187229A5D6A700A9BA4A /* SwiftUITutorial */,
			);
		};
/* End PBXProject section */

/* Begin PBXResourcesBuildPhase section */
		8374187129A5D6A700A9BA4A /* Resources */ = {
			isa = PBXResourcesBuildPhase;
			buildActionMask = 2147483647;
			files = (
				8374187E29A5D6A800A9BA4A /* Preview Assets.xcassets in Resources */,
				8374187B29A5D6A800A9BA4A /* Assets.xcassets in Resources */,
			);
			runOnlyForDeploymentPostprocessing = 0;
		};
/* End PBXResourcesBuildPhase section */

/* Begin PBXSourcesBuildPhase section */
		8374186F29A5D6A700A9BA4A /* Sources */ = {
			isa = PBXSourcesBuildPhase;
			buildActionMask = 2147483647;
			files = (
				8374188B29A5F27500A9BA4A /* ViewThatFitsView.swift in Sources */,
				8374189729A7046200A9BA4A /* ViewBuilderView.swift in Sources */,
				8374187929A5D6A700A9BA4A /* DetentsView.swift in Sources */,
				8374189129A5FB9400A9BA4A /* ScrollViewEnable&KeyboardView.swift in Sources */,
				8374189329A60B9900A9BA4A /* MultipleDatePickerView.swift in Sources */,
				8374187729A5D6A700A9BA4A /* SwiftUITutorialApp.swift in Sources */,
				8374189529A6FBE500A9BA4A /* RedactView.swift in Sources */,
				8374188929A5EBE500A9BA4A /* ImageRendererView.swift in Sources */,
				8308992729A710A3009D9C5C /* FontAnimationView.swift in Sources */,
				8374188729A5E5E200A9BA4A /* ShareLinkView.swift in Sources */,
				8374188529A5DDBE00A9BA4A /* ChartsView.swift in Sources */,
				8308992929A88D37009D9C5C /* LayoutTutorial.swift in Sources */,
				8374188F29A5FA8800A9BA4A /* TapGestureWithLocationView.swift in Sources */,
				8374188D29A5F86E00A9BA4A /* GaugeView.swift in Sources */,
			);
			runOnlyForDeploymentPostprocessing = 0;
		};
/* End PBXSourcesBuildPhase section */

/* Begin XCBuildConfiguration section */
		8374187F29A5D6A800A9BA4A /* Debug */ = {
			isa = XCBuildConfiguration;
			buildSettings = {
				ALWAYS_SEARCH_USER_PATHS = NO;
				CLANG_ANALYZER_NONNULL = YES;
				CLANG_ANALYZER_NUMBER_OBJECT_CONVERSION = YES_AGGRESSIVE;
				CLANG_CXX_LANGUAGE_STANDARD = "gnu++20";
				CLANG_ENABLE_MODULES = YES;
				CLANG_ENABLE_OBJC_ARC = YES;
				CLANG_ENABLE_OBJC_WEAK = YES;
				CLANG_WARN_BLOCK_CAPTURE_AUTORELEASING = YES;
				CLANG_WARN_BOOL_CONVERSION = YES;
				CLANG_WARN_COMMA = YES;
				CLANG_WARN_CONSTANT_CONVERSION = YES;
				CLANG_WARN_DEPRECATED_OBJC_IMPLEMENTATIONS = YES;
				CLANG_WARN_DIRECT_OBJC_ISA_USAGE = YES_ERROR;
				CLANG_WARN_DOCUMENTATION_COMMENTS = YES;
				CLANG_WARN_EMPTY_BODY = YES;
				CLANG_WARN_ENUM_CONVERSION = YES;
				CLANG_WARN_INFINITE_RECURSION = YES;
				CLANG_WARN_INT_CONVERSION = YES;
				CLANG_WARN_NON_LITERAL_NULL_CONVERSION = YES;
				CLANG_WARN_OBJC_IMPLICIT_RETAIN_SELF = YES;
				CLANG_WARN_OBJC_LITERAL_CONVERSION = YES;
				CLANG_WARN_OBJC_ROOT_CLASS = YES_ERROR;
				CLANG_WARN_QUOTED_INCLUDE_IN_FRAMEWORK_HEADER = YES;
				CLANG_WARN_RANGE_LOOP_ANALYSIS = YES;
				CLANG_WARN_STRICT_PROTOTYPES = YES;
				CLANG_WARN_SUSPICIOUS_MOVE = YES;
				CLANG_WARN_UNGUARDED_AVAILABILITY = YES_AGGRESSIVE;
				CLANG_WARN_UNREACHABLE_CODE = YES;
				CLANG_WARN__DUPLICATE_METHOD_MATCH = YES;
				COPY_PHASE_STRIP = NO;
				DEBUG_INFORMATION_FORMAT = dwarf;
				ENABLE_STRICT_OBJC_MSGSEND = YES;
				ENABLE_TESTABILITY = YES;
				GCC_C_LANGUAGE_STANDARD = gnu11;
				GCC_DYNAMIC_NO_PIC = NO;
				GCC_NO_COMMON_BLOCKS = YES;
				GCC_OPTIMIZATION_LEVEL = 0;
				GCC_PREPROCESSOR_DEFINITIONS = (
					"DEBUG=1",
					"$(inherited)",
				);
				GCC_WARN_64_TO_32_BIT_CONVERSION = YES;
				GCC_WARN_ABOUT_RETURN_TYPE = YES_ERROR;
				GCC_WARN_UNDECLARED_SELECTOR = YES;
				GCC_WARN_UNINITIALIZED_AUTOS = YES_AGGRESSIVE;
				GCC_WARN_UNUSED_FUNCTION = YES;
				GCC_WARN_UNUSED_VARIABLE = YES;
				IPHONEOS_DEPLOYMENT_TARGET = 16.2;
				MTL_ENABLE_DEBUG_INFO = INCLUDE_SOURCE;
				MTL_FAST_MATH = YES;
				ONLY_ACTIVE_ARCH = YES;
				SDKROOT = iphoneos;
				SWIFT_ACTIVE_COMPILATION_CONDITIONS = DEBUG;
				SWIFT_OPTIMIZATION_LEVEL = "-Onone";
			};
			name = Debug;
		};
		8374188029A5D6A800A9BA4A /* Release */ = {
			isa = XCBuildConfiguration;
			buildSettings = {
				ALWAYS_SEARCH_USER_PATHS = NO;
				CLANG_ANALYZER_NONNULL = YES;
				CLANG_ANALYZER_NUMBER_OBJECT_CONVERSION = YES_AGGRESSIVE;
				CLANG_CXX_LANGUAGE_STANDARD = "gnu++20";
				CLANG_ENABLE_MODULES = YES;
				CLANG_ENABLE_OBJC_ARC = YES;
				CLANG_ENABLE_OBJC_WEAK = YES;
				CLANG_WARN_BLOCK_CAPTURE_AUTORELEASING = YES;
				CLANG_WARN_BOOL_CONVERSION = YES;
				CLANG_WARN_COMMA = YES;
				CLANG_WARN_CONSTANT_CONVERSION = YES;
				CLANG_WARN_DEPRECATED_OBJC_IMPLEMENTATIONS = YES;
				CLANG_WARN_DIRECT_OBJC_ISA_USAGE = YES_ERROR;
				CLANG_WARN_DOCUMENTATION_COMMENTS = YES;
				CLANG_WARN_EMPTY_BODY = YES;
				CLANG_WARN_ENUM_CONVERSION = YES;
				CLANG_WARN_INFINITE_RECURSION = YES;
				CLANG_WARN_INT_CONVERSION = YES;
				CLANG_WARN_NON_LITERAL_NULL_CONVERSION = YES;
				CLANG_WARN_OBJC_IMPLICIT_RETAIN_SELF = YES;
				CLANG_WARN_OBJC_LITERAL_CONVERSION = YES;
				CLANG_WARN_OBJC_ROOT_CLASS = YES_ERROR;
				CLANG_WARN_QUOTED_INCLUDE_IN_FRAMEWORK_HEADER = YES;
				CLANG_WARN_RANGE_LOOP_ANALYSIS = YES;
				CLANG_WARN_STRICT_PROTOTYPES = YES;
				CLANG_WARN_SUSPICIOUS_MOVE = YES;
				CLANG_WARN_UNGUARDED_AVAILABILITY = YES_AGGRESSIVE;
				CLANG_WARN_UNREACHABLE_CODE = YES;
				CLANG_WARN__DUPLICATE_METHOD_MATCH = YES;
				COPY_PHASE_STRIP = NO;
				DEBUG_INFORMATION_FORMAT = "dwarf-with-dsym";
				ENABLE_NS_ASSERTIONS = NO;
				ENABLE_STRICT_OBJC_MSGSEND = YES;
				GCC_C_LANGUAGE_STANDARD = gnu11;
				GCC_NO_COMMON_BLOCKS = YES;
				GCC_WARN_64_TO_32_BIT_CONVERSION = YES;
				GCC_WARN_ABOUT_RETURN_TYPE = YES_ERROR;
				GCC_WARN_UNDECLARED_SELECTOR = YES;
				GCC_WARN_UNINITIALIZED_AUTOS = YES_AGGRESSIVE;
				GCC_WARN_UNUSED_FUNCTION = YES;
				GCC_WARN_UNUSED_VARIABLE = YES;
				IPHONEOS_DEPLOYMENT_TARGET = 16.2;
				MTL_ENABLE_DEBUG_INFO = NO;
				MTL_FAST_MATH = YES;
				SDKROOT = iphoneos;
				SWIFT_COMPILATION_MODE = wholemodule;
				SWIFT_OPTIMIZATION_LEVEL = "-O";
				VALIDATE_PRODUCT = YES;
			};
			name = Release;
		};
		8374188229A5D6A800A9BA4A /* Debug */ = {
			isa = XCBuildConfiguration;
			buildSettings = {
				ASSETCATALOG_COMPILER_APPICON_NAME = AppIcon;
				ASSETCATALOG_COMPILER_GLOBAL_ACCENT_COLOR_NAME = AccentColor;
				CODE_SIGN_STYLE = Automatic;
				CURRENT_PROJECT_VERSION = 1;
				DEVELOPMENT_ASSET_PATHS = "\"SwiftUITutorial/Preview Content\"";
				DEVELOPMENT_TEAM = APATJHZZY7;
				ENABLE_PREVIEWS = YES;
				GENERATE_INFOPLIST_FILE = YES;
				INFOPLIST_KEY_UIApplicationSceneManifest_Generation = YES;
				INFOPLIST_KEY_UIApplicationSupportsIndirectInputEvents = YES;
				INFOPLIST_KEY_UILaunchScreen_Generation = YES;
				INFOPLIST_KEY_UISupportedInterfaceOrientations_iPad = "UIInterfaceOrientationPortrait UIInterfaceOrientationPortraitUpsideDown UIInterfaceOrientationLandscapeLeft UIInterfaceOrientationLandscapeRight";
				INFOPLIST_KEY_UISupportedInterfaceOrientations_iPhone = "UIInterfaceOrientationPortrait UIInterfaceOrientationLandscapeLeft UIInterfaceOrientationLandscapeRight";
				LD_RUNPATH_SEARCH_PATHS = (
					"$(inherited)",
					"@executable_path/Frameworks",
				);
				MARKETING_VERSION = 1.0;
				PRODUCT_BUNDLE_IDENTIFIER = com.waiker.SwiftUITutorial;
				PRODUCT_NAME = "$(TARGET_NAME)";
				SWIFT_EMIT_LOC_STRINGS = YES;
				SWIFT_VERSION = 5.0;
				TARGETED_DEVICE_FAMILY = "1,2";
			};
			name = Debug;
		};
		8374188329A5D6A800A9BA4A /* Release */ = {
			isa = XCBuildConfiguration;
			buildSettings = {
				ASSETCATALOG_COMPILER_APPICON_NAME = AppIcon;
				ASSETCATALOG_COMPILER_GLOBAL_ACCENT_COLOR_NAME = AccentColor;
				CODE_SIGN_STYLE = Automatic;
				CURRENT_PROJECT_VERSION = 1;
				DEVELOPMENT_ASSET_PATHS = "\"SwiftUITutorial/Preview Content\"";
				DEVELOPMENT_TEAM = APATJHZZY7;
				ENABLE_PREVIEWS = YES;
				GENERATE_INFOPLIST_FILE = YES;
				INFOPLIST_KEY_UIApplicationSceneManifest_Generation = YES;
				INFOPLIST_KEY_UIApplicationSupportsIndirectInputEvents = YES;
				INFOPLIST_KEY_UILaunchScreen_Generation = YES;
				INFOPLIST_KEY_UISupportedInterfaceOrientations_iPad = "UIInterfaceOrientationPortrait UIInterfaceOrientationPortraitUpsideDown UIInterfaceOrientationLandscapeLeft UIInterfaceOrientationLandscapeRight";
				INFOPLIST_KEY_UISupportedInterfaceOrientations_iPhone = "UIInterfaceOrientationPortrait UIInterfaceOrientationLandscapeLeft UIInterfaceOrientationLandscapeRight";
				LD_RUNPATH_SEARCH_PATHS = (
					"$(inherited)",
					"@executable_path/Frameworks",
				);
				MARKETING_VERSION = 1.0;
				PRODUCT_BUNDLE_IDENTIFIER = com.waiker.SwiftUITutorial;
				PRODUCT_NAME = "$(TARGET_NAME)";
				SWIFT_EMIT_LOC_STRINGS = YES;
				SWIFT_VERSION = 5.0;
				TARGETED_DEVICE_FAMILY = "1,2";
			};
			name = Release;
		};
/* End XCBuildConfiguration section */

/* Begin XCConfigurationList section */
		8374186E29A5D6A700A9BA4A /* Build configuration list for PBXProject "SwiftUITutorial" */ = {
			isa = XCConfigurationList;
			buildConfigurations = (
				8374187F29A5D6A800A9BA4A /* Debug */,
				8374188029A5D6A800A9BA4A /* Release */,
			);
			defaultConfigurationIsVisible = 0;
			defaultConfigurationName = Release;
		};
		8374188129A5D6A800A9BA4A /* Build configuration list for PBXNativeTarget "SwiftUITutorial" */ = {
			isa = XCConfigurationList;
			buildConfigurations = (
				8374188229A5D6A800A9BA4A /* Debug */,
				8374188329A5D6A800A9BA4A /* Release */,
			);
			defaultConfigurationIsVisible = 0;
			defaultConfigurationName = Release;
		};
/* End XCConfigurationList section */
	};
	rootObject = 8374186B29A5D6A700A9BA4A /* Project object */;
}
